
Microsoft Visual Studio Solution File, Format Version 12.00
# Visual Studio Version 17
VisualStudioVersion = 17.5.002.0
MinimumVisualStudioVersion = 10.0.40219.1
Project("{2150E333-8FDC-42A3-9474-1A3956D46DE8}") = "DigitalProfessionsFastStartProgramming", "DigitalProfessionsFastStartProgramming", "{4090DC2E-5730-4DCC-8BA7-B801E46D8C1D}"
EndProject
Project("{2150E333-8FDC-42A3-9474-1A3956D46DE8}") = "IntroductionToTheC#ProgrammingLanguage", "IntroductionToTheC#ProgrammingLanguage", "{AED8E07F-FDEC-4C05-BC37-943193408259}"
EndProject
Project("{2150E333-8FDC-42A3-9474-1A3956D46DE8}") = "Lection001", "Lection001", "{2A4675DE-05E3-47D5-ACDF-6C4EC287DB06}"
EndProject
Project("{2150E333-8FDC-42A3-9474-1A3956D46DE8}") = "Examples", "Examples", "{07F0A329-5C1C-4138-BE52-B6A8550AAC0A}"
EndProject
Project("{9A19103F-16F7-4668-BE54-9A1E7A4F7556}") = "Example001HelloConsole", "DigitalProfessionsFastStartProgramming\IntroductionToTheC#ProgrammingLanguage\Lection001\Examples\Example001HelloConsole\Example001HelloConsole.csproj", "{B394902D-D618-4EC7-943E-1D12E07684D0}"
EndProject
Global
	GlobalSection(SolutionConfigurationPlatforms) = preSolution
		Debug|Any CPU = Debug|Any CPU
		Release|Any CPU = Release|Any CPU
	EndGlobalSection
	GlobalSection(ProjectConfigurationPlatforms) = postSolution
		{B394902D-D618-4EC7-943E-1D12E07684D0}.Debug|Any CPU.ActiveCfg = Debug|Any CPU
		{B394902D-D618-4EC7-943E-1D12E07684D0}.Debug|Any CPU.Build.0 = Debug|Any CPU
		{B394902D-D618-4EC7-943E-1D12E07684D0}.Release|Any CPU.ActiveCfg = Release|Any CPU
		{B394902D-D618-4EC7-943E-1D12E07684D0}.Release|Any CPU.Build.0 = Release|Any CPU
	EndGlobalSection
	GlobalSection(SolutionProperties) = preSolution
		HideSolutionNode = FALSE
	EndGlobalSection
	GlobalSection(NestedProjects) = preSolution
		{AED8E07F-FDEC-4C05-BC37-943193408259} = {4090DC2E-5730-4DCC-8BA7-B801E46D8C1D}
		{2A4675DE-05E3-47D5-ACDF-6C4EC287DB06} = {AED8E07F-FDEC-4C05-BC37-943193408259}
		{07F0A329-5C1C-4138-BE52-B6A8550AAC0A} = {2A4675DE-05E3-47D5-ACDF-6C4EC287DB06}
		{B394902D-D618-4EC7-943E-1D12E07684D0} = {07F0A329-5C1C-4138-BE52-B6A8550AAC0A}
	EndGlobalSection
	GlobalSection(ExtensibilityGlobals) = postSolution
		SolutionGuid = {64D99810-B760-48BD-8BF4-9A048D486026}
	EndGlobalSection
EndGlobal
